{
  "nodes": {
    "darwin": {
      "inputs": {
        "nixpkgs": [
          "nixpkgs"
        ]
      },
      "locked": {
        "lastModified": 1687385522,
        "narHash": "sha256-GR8mqsqYcdZ67dCcII5SWcwHqPAJRWXPmqsuMl7+KA4=",
        "owner": "lnl7",
        "repo": "nix-darwin",
        "rev": "bc346a67d34a336ca3c507570875cc88038e6120",
        "type": "github"
      },
      "original": {
        "owner": "lnl7",
        "repo": "nix-darwin",
        "type": "github"
      }
    },
    "home-manager": {
      "inputs": {
        "nixpkgs": [
          "nixpkgs"
        ]
      },
      "locked": {
        "lastModified": 1687421788,
        "narHash": "sha256-CgoHjiUBnru0bV4PE8z1R6ZD9KeWtuAaUkyYWYJmQUE=",
        "owner": "nix-community",
        "repo": "home-manager",
        "rev": "a4817894576f9cd01d784e60a0bfb143c81fc2be",
        "type": "github"
      },
      "original": {
        "owner": "nix-community",
        "ref": "master",
        "repo": "home-manager",
        "type": "github"
      }
    },
    "nixpkgs": {
      "locked": {
        "lastModified": 1689048911,
        "narHash": "sha256-pODI2CkjWbSLo5nPMZoLtkRNJU/Nr3VSITXZqqmNtIk=",
        "owner": "nixos",
        "repo": "nixpkgs",
        "rev": "8163a64662b43848802092d52015ef60777d6129",
        "type": "github"
      },
      "original": {
        "owner": "nixos",
        "ref": "nixos-23.05",
        "repo": "nixpkgs",
        "type": "github"
      }
    },
    "root": {
      "inputs": {
        "darwin": "darwin",
        "home-manager": "home-manager",
        "nixpkgs": "nixpkgs"
      }
    }
  },
  "root": "root",
  "version": 7
}
